lockfileVersion: '9.0'

settings:
  autoInstallPeers: false
  excludeLinksFromLockfile: false

importers:

  .:
    dependencies:
      fixture-peer:
        specifier: 1.0.0
        version: 1.0.0

  packages/development:
    devDependencies:
      fixture-dev:
        specifier: 1.0.0
        version: 1.0.0
      fixture-peer:
        specifier: 1.0.0
        version: 1.0.0(fixture-dev@1.0.0)

packages:

  fixture-dev@1.0.0:
    resolution: {integrity: sha512-kENU0MrhmE5USMgEug2dGWroJaAghmfjoKzJyQVGPaIOlvwfbMXUl9kdLRtcYkTw3l4lx0tbxU2hCXBXKQKiWQ==}

  fixture-peer@1.0.0:
    resolution: {integrity: sha512-TGDD+8YRZ/CbB3hNX4Eqf5jsjpIN9TEo/Bsma7ozuldQZx/EXocaY9IAvHmuJkV5UuqjMfOD+9PKPg9aLfcPsw==}
    peerDependencies:
      fixture-dev: '*'
    peerDependenciesMeta:
      fixture-dev:
        optional: true

  fixture-value@1.0.0:
    resolution: {integrity: sha512-CkYCCyrJBtCUhUdPc4dESE7qHGj4yZxjRp4wjXgJm/gE8BAu40lOcX3ViBqrkDPoea4O/pbodW144jDfCP9cGg==}

snapshots:

  fixture-dev@1.0.0: {}

  fixture-peer@1.0.0:
    dependencies:
      fixture-value: 1.0.0

  fixture-peer@1.0.0(fixture-dev@1.0.0):
    dependencies:
      fixture-value: 1.0.0
    optionalDependencies:
      fixture-dev: 1.0.0

  fixture-value@1.0.0: {}
